
Microsoft Visual Studio Solution File, Format Version 12.00
# Visual Studio Version 17
VisualStudioVersion = 17.10.35004.147
MinimumVisualStudioVersion = 10.0.40219.1
Project("{FAE04EC0-301F-11D3-BF4B-00C04F79EFBC}") = "Vila.WebApi", "Vila.WebApi\Vila.WebApi.csproj", "{4C016960-72C6-435B-8DAD-348DE34EBE2E}"
EndProject
Global
	GlobalSection(SolutionConfigurationPlatforms) = preSolution
		Debug|Any CPU = Debug|Any CPU
		Release|Any CPU = Release|Any CPU
	EndGlobalSection
	GlobalSection(ProjectConfigurationPlatforms) = postSolution
		{4C016960-72C6-435B-8DAD-348DE34EBE2E}.Debug|Any CPU.ActiveCfg = Debug|Any CPU
		{4C016960-72C6-435B-8DAD-348DE34EBE2E}.Debug|Any CPU.Build.0 = Debug|Any CPU
		{4C016960-72C6-435B-8DAD-348DE34EBE2E}.Release|Any CPU.ActiveCfg = Release|Any CPU
		{4C016960-72C6-435B-8DAD-348DE34EBE2E}.Release|Any CPU.Build.0 = Release|Any CPU
	EndGlobalSection
	GlobalSection(SolutionProperties) = preSolution
		HideSolutionNode = FALSE
	EndGlobalSection
	GlobalSection(ExtensibilityGlobals) = postSolution
		SolutionGuid = {BE2B83D1-39E6-4E31-856E-8E14F0A9F0A2}
	EndGlobalSection
EndGlobal
